{
  "name": "web",
  "lockfileVersion": 3,
  "requires": true,
  "packages": {
    "": {
      "dependencies": {
        "@dataforsyningen/gsearch-ui": "^2.1.3"
      }
    },
    "node_modules/@dataforsyningen/gsearch-ui": {
      "version": "2.1.3",
      "resolved": "https://registry.npmjs.org/@dataforsyningen/gsearch-ui/-/gsearch-ui-2.1.3.tgz",
      "integrity": "sha512-DAbWRVNjDNgGzwTDtBthZ3zKk73Gx2SoICwf9wOiyawnUaI6u0mfQ16TPzQg7+mt3K+AtKoWEpVJk/Fbdv14RQ=="
    }
  }
}
